
Microsoft Visual Studio Solution File, Format Version 12.00
# Visual Studio Version 16
VisualStudioVersion = 16.0.29905.134
MinimumVisualStudioVersion = 10.0.40219.1
Project("{9A19103F-16F7-4668-BE54-9A1E7A4F7556}") = "BizApp", "BizApp\BizApp.csproj", "{4BE071AF-E3B0-42A7-8F9D-188297DEACD9}"
EndProject
Project("{9A19103F-16F7-4668-BE54-9A1E7A4F7556}") = "DomainClass", "DomainClass\DomainClass.csproj", "{9ECEA788-493A-4B77-B53A-9C681DA950D8}"
EndProject
Project("{9A19103F-16F7-4668-BE54-9A1E7A4F7556}") = "DataLayer", "DataLayer\DataLayer.csproj", "{3E979D96-4687-4D87-8803-4A6C0C5ED6B5}"
EndProject
Project("{2150E333-8FDC-42A3-9474-1A3956D46DE8}") = "Test", "Test", "{C3408239-AFB7-4CC3-9D46-51A3C821D033}"
EndProject
Project("{9A19103F-16F7-4668-BE54-9A1E7A4F7556}") = "BizzAppInfrastructure", "BizzAppInfrastructure\BizzAppInfrastructure.csproj", "{F9293482-FF8C-48C0-855E-E9D452380A69}"
EndProject
Project("{9A19103F-16F7-4668-BE54-9A1E7A4F7556}") = "BizzAppEvents", "BizzAppEvents\BizzAppEvents.csproj", "{A4828BE8-5F07-4B75-85D0-02768C6A04CF}"
EndProject
Project("{9A19103F-16F7-4668-BE54-9A1E7A4F7556}") = "Extensions", "Extensions\Extensions.csproj", "{366E346B-FDA1-4BFE-8F67-C7586073606F}"
EndProject
Project("{9A19103F-16F7-4668-BE54-9A1E7A4F7556}") = "Enums", "Enums\Enums.csproj", "{0C27A640-2154-4469-8E2D-00CF712F6727}"
EndProject
Project("{9A19103F-16F7-4668-BE54-9A1E7A4F7556}") = "Commands", "Commands\Commands.csproj", "{3841013B-C5A0-4411-B4E4-5E416A4307BA}"
EndProject
Project("{9A19103F-16F7-4668-BE54-9A1E7A4F7556}") = "Utility", "Utility\Utility.csproj", "{E4795FDA-0D8D-401B-9B9A-3EAE2AA7B5D7}"
EndProject
Project("{9A19103F-16F7-4668-BE54-9A1E7A4F7556}") = "Services", "Services\Services.csproj", "{05774267-CA80-48C1-872D-724001A6E633}"
EndProject
Project("{9A19103F-16F7-4668-BE54-9A1E7A4F7556}") = "BizzAppTest", "BizzAppTest\BizzAppTest.csproj", "{68AE774A-31F7-4699-94E4-A8DB3E93434C}"
EndProject
Project("{2150E333-8FDC-42A3-9474-1A3956D46DE8}") = "src", "src", "{0EA23371-62B9-43AB-AFFF-EDEE51DDB90D}"
EndProject
Project("{FAE04EC0-301F-11D3-BF4B-00C04F79EFBC}") = "BizAppQrCode", "BizAppQrCode\BizAppQrCode.csproj", "{BE59B02E-2C18-4A1F-9B28-C2FBB5DDCD62}"
EndProject
Global
	GlobalSection(SolutionConfigurationPlatforms) = preSolution
		Debug|Any CPU = Debug|Any CPU
		Release|Any CPU = Release|Any CPU
	EndGlobalSection
	GlobalSection(ProjectConfigurationPlatforms) = postSolution
		{4BE071AF-E3B0-42A7-8F9D-188297DEACD9}.Debug|Any CPU.ActiveCfg = Debug|Any CPU
		{4BE071AF-E3B0-42A7-8F9D-188297DEACD9}.Debug|Any CPU.Build.0 = Debug|Any CPU
		{4BE071AF-E3B0-42A7-8F9D-188297DEACD9}.Release|Any CPU.ActiveCfg = Release|Any CPU
		{4BE071AF-E3B0-42A7-8F9D-188297DEACD9}.Release|Any CPU.Build.0 = Release|Any CPU
		{9ECEA788-493A-4B77-B53A-9C681DA950D8}.Debug|Any CPU.ActiveCfg = Debug|Any CPU
		{9ECEA788-493A-4B77-B53A-9C681DA950D8}.Debug|Any CPU.Build.0 = Debug|Any CPU
		{9ECEA788-493A-4B77-B53A-9C681DA950D8}.Release|Any CPU.ActiveCfg = Release|Any CPU
		{9ECEA788-493A-4B77-B53A-9C681DA950D8}.Release|Any CPU.Build.0 = Release|Any CPU
		{3E979D96-4687-4D87-8803-4A6C0C5ED6B5}.Debug|Any CPU.ActiveCfg = Debug|Any CPU
		{3E979D96-4687-4D87-8803-4A6C0C5ED6B5}.Debug|Any CPU.Build.0 = Debug|Any CPU
		{3E979D96-4687-4D87-8803-4A6C0C5ED6B5}.Release|Any CPU.ActiveCfg = Release|Any CPU
		{3E979D96-4687-4D87-8803-4A6C0C5ED6B5}.Release|Any CPU.Build.0 = Release|Any CPU
		{F9293482-FF8C-48C0-855E-E9D452380A69}.Debug|Any CPU.ActiveCfg = Debug|Any CPU
		{F9293482-FF8C-48C0-855E-E9D452380A69}.Debug|Any CPU.Build.0 = Debug|Any CPU
		{F9293482-FF8C-48C0-855E-E9D452380A69}.Release|Any CPU.ActiveCfg = Release|Any CPU
		{F9293482-FF8C-48C0-855E-E9D452380A69}.Release|Any CPU.Build.0 = Release|Any CPU
		{A4828BE8-5F07-4B75-85D0-02768C6A04CF}.Debug|Any CPU.ActiveCfg = Debug|Any CPU
		{A4828BE8-5F07-4B75-85D0-02768C6A04CF}.Debug|Any CPU.Build.0 = Debug|Any CPU
		{A4828BE8-5F07-4B75-85D0-02768C6A04CF}.Release|Any CPU.ActiveCfg = Release|Any CPU
		{A4828BE8-5F07-4B75-85D0-02768C6A04CF}.Release|Any CPU.Build.0 = Release|Any CPU
		{366E346B-FDA1-4BFE-8F67-C7586073606F}.Debug|Any CPU.ActiveCfg = Debug|Any CPU
		{366E346B-FDA1-4BFE-8F67-C7586073606F}.Debug|Any CPU.Build.0 = Debug|Any CPU
		{366E346B-FDA1-4BFE-8F67-C7586073606F}.Release|Any CPU.ActiveCfg = Release|Any CPU
		{366E346B-FDA1-4BFE-8F67-C7586073606F}.Release|Any CPU.Build.0 = Release|Any CPU
		{0C27A640-2154-4469-8E2D-00CF712F6727}.Debug|Any CPU.ActiveCfg = Debug|Any CPU
		{0C27A640-2154-4469-8E2D-00CF712F6727}.Debug|Any CPU.Build.0 = Debug|Any CPU
		{0C27A640-2154-4469-8E2D-00CF712F6727}.Release|Any CPU.ActiveCfg = Release|Any CPU
		{0C27A640-2154-4469-8E2D-00CF712F6727}.Release|Any CPU.Build.0 = Release|Any CPU
		{3841013B-C5A0-4411-B4E4-5E416A4307BA}.Debug|Any CPU.ActiveCfg = Debug|Any CPU
		{3841013B-C5A0-4411-B4E4-5E416A4307BA}.Debug|Any CPU.Build.0 = Debug|Any CPU
		{3841013B-C5A0-4411-B4E4-5E416A4307BA}.Release|Any CPU.ActiveCfg = Release|Any CPU
		{3841013B-C5A0-4411-B4E4-5E416A4307BA}.Release|Any CPU.Build.0 = Release|Any CPU
		{E4795FDA-0D8D-401B-9B9A-3EAE2AA7B5D7}.Debug|Any CPU.ActiveCfg = Debug|Any CPU
		{E4795FDA-0D8D-401B-9B9A-3EAE2AA7B5D7}.Debug|Any CPU.Build.0 = Debug|Any CPU
		{E4795FDA-0D8D-401B-9B9A-3EAE2AA7B5D7}.Release|Any CPU.ActiveCfg = Release|Any CPU
		{E4795FDA-0D8D-401B-9B9A-3EAE2AA7B5D7}.Release|Any CPU.Build.0 = Release|Any CPU
		{05774267-CA80-48C1-872D-724001A6E633}.Debug|Any CPU.ActiveCfg = Debug|Any CPU
		{05774267-CA80-48C1-872D-724001A6E633}.Debug|Any CPU.Build.0 = Debug|Any CPU
		{05774267-CA80-48C1-872D-724001A6E633}.Release|Any CPU.ActiveCfg = Release|Any CPU
		{05774267-CA80-48C1-872D-724001A6E633}.Release|Any CPU.Build.0 = Release|Any CPU
		{68AE774A-31F7-4699-94E4-A8DB3E93434C}.Debug|Any CPU.ActiveCfg = Debug|Any CPU
		{68AE774A-31F7-4699-94E4-A8DB3E93434C}.Debug|Any CPU.Build.0 = Debug|Any CPU
		{68AE774A-31F7-4699-94E4-A8DB3E93434C}.Release|Any CPU.ActiveCfg = Release|Any CPU
		{68AE774A-31F7-4699-94E4-A8DB3E93434C}.Release|Any CPU.Build.0 = Release|Any CPU
		{BE59B02E-2C18-4A1F-9B28-C2FBB5DDCD62}.Debug|Any CPU.ActiveCfg = Debug|Any CPU
		{BE59B02E-2C18-4A1F-9B28-C2FBB5DDCD62}.Debug|Any CPU.Build.0 = Debug|Any CPU
		{BE59B02E-2C18-4A1F-9B28-C2FBB5DDCD62}.Release|Any CPU.ActiveCfg = Release|Any CPU
		{BE59B02E-2C18-4A1F-9B28-C2FBB5DDCD62}.Release|Any CPU.Build.0 = Release|Any CPU
	EndGlobalSection
	GlobalSection(SolutionProperties) = preSolution
		HideSolutionNode = FALSE
	EndGlobalSection
	GlobalSection(NestedProjects) = preSolution
		{4BE071AF-E3B0-42A7-8F9D-188297DEACD9} = {0EA23371-62B9-43AB-AFFF-EDEE51DDB90D}
		{9ECEA788-493A-4B77-B53A-9C681DA950D8} = {0EA23371-62B9-43AB-AFFF-EDEE51DDB90D}
		{3E979D96-4687-4D87-8803-4A6C0C5ED6B5} = {0EA23371-62B9-43AB-AFFF-EDEE51DDB90D}
		{F9293482-FF8C-48C0-855E-E9D452380A69} = {0EA23371-62B9-43AB-AFFF-EDEE51DDB90D}
		{A4828BE8-5F07-4B75-85D0-02768C6A04CF} = {0EA23371-62B9-43AB-AFFF-EDEE51DDB90D}
		{366E346B-FDA1-4BFE-8F67-C7586073606F} = {0EA23371-62B9-43AB-AFFF-EDEE51DDB90D}
		{0C27A640-2154-4469-8E2D-00CF712F6727} = {0EA23371-62B9-43AB-AFFF-EDEE51DDB90D}
		{3841013B-C5A0-4411-B4E4-5E416A4307BA} = {0EA23371-62B9-43AB-AFFF-EDEE51DDB90D}
		{E4795FDA-0D8D-401B-9B9A-3EAE2AA7B5D7} = {0EA23371-62B9-43AB-AFFF-EDEE51DDB90D}
		{05774267-CA80-48C1-872D-724001A6E633} = {0EA23371-62B9-43AB-AFFF-EDEE51DDB90D}
		{68AE774A-31F7-4699-94E4-A8DB3E93434C} = {C3408239-AFB7-4CC3-9D46-51A3C821D033}
		{BE59B02E-2C18-4A1F-9B28-C2FBB5DDCD62} = {0EA23371-62B9-43AB-AFFF-EDEE51DDB90D}
	EndGlobalSection
	GlobalSection(ExtensibilityGlobals) = postSolution
		SolutionGuid = {137B82B8-9E0F-4480-8C06-F27ED5EF161A}
	EndGlobalSection
EndGlobal
